Microsoft Visual Studio Solution File, Format Version 12.00
# Visual Studio Version 17
VisualStudioVersion = 17.5.2.0
MinimumVisualStudioVersion = 10.0.40219.1
Project("{2150E333-8FDC-42A3-9474-1A3956D46DE8}") = "datastructure-c#-practice", "datastructure-c#-practice", "{C22F135A-E416-A8AF-564C-090A93A738EC}"
EndProject
Project("{2150E333-8FDC-42A3-9474-1A3956D46DE8}") = "senerio-based", "senerio-based", "{3307DE7F-4B40-001E-01AE-AF26C51D4E45}"
EndProject
Project("{FAE04EC0-301F-11D3-BF4B-00C04F79EFBC}") = "LoanBuddy", "datastructure-c#-practice\senerio-based\LoanBuddy\LoanBuddy.csproj", "{DE0E49AF-6C0C-0FF7-B3B0-EACBF059F655}"
EndProject
Project("{FAE04EC0-301F-11D3-BF4B-00C04F79EFBC}") = "MetalFactoryCutting", "datastructure-c#-practice\senerio-based\MetalFactoryCutting\MetalFactoryCutting.csproj", "{037D8694-94CA-DCD2-036C-07BB9430951E}"
EndProject
Project("{2150E333-8FDC-42A3-9474-1A3956D46DE8}") = "CustomFurnitureManufacturing", "CustomFurnitureManufacturing", "{314A5ADD-1D6F-2C3E-C3E7-EFFF40D1D37D}"
EndProject
Project("{FAE04EC0-301F-11D3-BF4B-00C04F79EFBC}") = "CustomeFurniture", "datastructure-c#-practice\senerio-based\CustomFurnitureManufacturing\CustomeFurniture.csproj", "{09EFF2C5-BBF5-84F0-9397-A016BAD2C305}"
EndProject
Global
	GlobalSection(SolutionConfigurationPlatforms) = preSolution
		Debug|Any CPU = Debug|Any CPU
		Release|Any CPU = Release|Any CPU
	EndGlobalSection
	GlobalSection(ProjectConfigurationPlatforms) = postSolution
		{DE0E49AF-6C0C-0FF7-B3B0-EACBF059F655}.Debug|Any CPU.ActiveCfg = Debug|Any CPU
		{DE0E49AF-6C0C-0FF7-B3B0-EACBF059F655}.Debug|Any CPU.Build.0 = Debug|Any CPU
		{DE0E49AF-6C0C-0FF7-B3B0-EACBF059F655}.Release|Any CPU.ActiveCfg = Release|Any CPU
		{DE0E49AF-6C0C-0FF7-B3B0-EACBF059F655}.Release|Any CPU.Build.0 = Release|Any CPU
		{037D8694-94CA-DCD2-036C-07BB9430951E}.Debug|Any CPU.ActiveCfg = Debug|Any CPU
		{037D8694-94CA-DCD2-036C-07BB9430951E}.Debug|Any CPU.Build.0 = Debug|Any CPU
		{037D8694-94CA-DCD2-036C-07BB9430951E}.Release|Any CPU.ActiveCfg = Release|Any CPU
		{037D8694-94CA-DCD2-036C-07BB9430951E}.Release|Any CPU.Build.0 = Release|Any CPU
		{09EFF2C5-BBF5-84F0-9397-A016BAD2C305}.Debug|Any CPU.ActiveCfg = Debug|Any CPU
		{09EFF2C5-BBF5-84F0-9397-A016BAD2C305}.Debug|Any CPU.Build.0 = Debug|Any CPU
		{09EFF2C5-BBF5-84F0-9397-A016BAD2C305}.Release|Any CPU.ActiveCfg = Release|Any CPU
		{09EFF2C5-BBF5-84F0-9397-A016BAD2C305}.Release|Any CPU.Build.0 = Release|Any CPU
	EndGlobalSection
	GlobalSection(SolutionProperties) = preSolution
		HideSolutionNode = FALSE
	EndGlobalSection
	GlobalSection(NestedProjects) = preSolution
		{3307DE7F-4B40-001E-01AE-AF26C51D4E45} = {C22F135A-E416-A8AF-564C-090A93A738EC}
		{DE0E49AF-6C0C-0FF7-B3B0-EACBF059F655} = {3307DE7F-4B40-001E-01AE-AF26C51D4E45}
		{037D8694-94CA-DCD2-036C-07BB9430951E} = {3307DE7F-4B40-001E-01AE-AF26C51D4E45}
		{314A5ADD-1D6F-2C3E-C3E7-EFFF40D1D37D} = {3307DE7F-4B40-001E-01AE-AF26C51D4E45}
		{09EFF2C5-BBF5-84F0-9397-A016BAD2C305} = {314A5ADD-1D6F-2C3E-C3E7-EFFF40D1D37D}
	EndGlobalSection
	GlobalSection(ExtensibilityGlobals) = postSolution
		SolutionGuid = {3DB624A0-FE83-4DD9-A168-DC2519DFBA7F}
	EndGlobalSection
EndGlobal
