Microsoft Visual Studio Solution File, Format Version 12.00
# Visual Studio Version 17
VisualStudioVersion = 17.5.2.0
MinimumVisualStudioVersion = 10.0.40219.1
Project("{2150E333-8FDC-42A3-9474-1A3956D46DE8}") = "collections-csharp-practice", "collections-csharp-practice", "{B74F3C35-59E8-51DC-66E2-E46BE919468F}"
EndProject
Project("{2150E333-8FDC-42A3-9474-1A3956D46DE8}") = "scenerio-based", "scenerio-based", "{91D7ABA1-A22C-7F3E-C1A1-860CD5015ABB}"
EndProject
Project("{FAE04EC0-301F-11D3-BF4B-00C04F79EFBC}") = "AmbulanceRoute", "collections-csharp-practice\scenerio-based\AmbulanceRoute\AmbulanceRoute.csproj", "{4FAC096A-85AB-E1C7-9E31-4BAF2521E30E}"
EndProject
Global
	GlobalSection(SolutionConfigurationPlatforms) = preSolution
		Debug|Any CPU = Debug|Any CPU
		Release|Any CPU = Release|Any CPU
	EndGlobalSection
	GlobalSection(ProjectConfigurationPlatforms) = postSolution
		{4FAC096A-85AB-E1C7-9E31-4BAF2521E30E}.Debug|Any CPU.ActiveCfg = Debug|Any CPU
		{4FAC096A-85AB-E1C7-9E31-4BAF2521E30E}.Debug|Any CPU.Build.0 = Debug|Any CPU
		{4FAC096A-85AB-E1C7-9E31-4BAF2521E30E}.Release|Any CPU.ActiveCfg = Release|Any CPU
		{4FAC096A-85AB-E1C7-9E31-4BAF2521E30E}.Release|Any CPU.Build.0 = Release|Any CPU
	EndGlobalSection
	GlobalSection(SolutionProperties) = preSolution
		HideSolutionNode = FALSE
	EndGlobalSection
	GlobalSection(NestedProjects) = preSolution
		{91D7ABA1-A22C-7F3E-C1A1-860CD5015ABB} = {B74F3C35-59E8-51DC-66E2-E46BE919468F}
		{4FAC096A-85AB-E1C7-9E31-4BAF2521E30E} = {91D7ABA1-A22C-7F3E-C1A1-860CD5015ABB}
	EndGlobalSection
	GlobalSection(ExtensibilityGlobals) = postSolution
		SolutionGuid = {022EDF68-088D-4D03-AFF1-BC68D6FF168B}
	EndGlobalSection
EndGlobal
