Microsoft Visual Studio Solution File, Format Version 12.00
# Visual Studio Version 17
VisualStudioVersion = 17.5.2.0
MinimumVisualStudioVersion = 10.0.40219.1
Project("{2150E333-8FDC-42A3-9474-1A3956D46DE8}") = "collections-csharp-practice", "collections-csharp-practice", "{B74F3C35-59E8-51DC-66E2-E46BE919468F}"
EndProject
Project("{2150E333-8FDC-42A3-9474-1A3956D46DE8}") = "scenerio-based", "scenerio-based", "{91D7ABA1-A22C-7F3E-C1A1-860CD5015ABB}"
EndProject
Project("{FAE04EC0-301F-11D3-BF4B-00C04F79EFBC}") = "BankAccountTests", "collections-csharp-practice\scenerio-based\BankAccountTests\BankAccountTests.csproj", "{9CC301B6-5E14-05CF-DAEC-C26D544C1B12}"
EndProject
Project("{FAE04EC0-301F-11D3-BF4B-00C04F79EFBC}") = "AeroVigil", "collections-csharp-practice\scenerio-based\AeroVigil\AeroVigil.csproj", "{568B3EDE-8192-F9EC-B577-B52C34AA594C}"
EndProject
Global
	GlobalSection(SolutionConfigurationPlatforms) = preSolution
		Debug|Any CPU = Debug|Any CPU
		Release|Any CPU = Release|Any CPU
	EndGlobalSection
	GlobalSection(ProjectConfigurationPlatforms) = postSolution
		{9CC301B6-5E14-05CF-DAEC-C26D544C1B12}.Debug|Any CPU.ActiveCfg = Debug|Any CPU
		{9CC301B6-5E14-05CF-DAEC-C26D544C1B12}.Debug|Any CPU.Build.0 = Debug|Any CPU
		{9CC301B6-5E14-05CF-DAEC-C26D544C1B12}.Release|Any CPU.ActiveCfg = Release|Any CPU
		{9CC301B6-5E14-05CF-DAEC-C26D544C1B12}.Release|Any CPU.Build.0 = Release|Any CPU
		{568B3EDE-8192-F9EC-B577-B52C34AA594C}.Debug|Any CPU.ActiveCfg = Debug|Any CPU
		{568B3EDE-8192-F9EC-B577-B52C34AA594C}.Debug|Any CPU.Build.0 = Debug|Any CPU
		{568B3EDE-8192-F9EC-B577-B52C34AA594C}.Release|Any CPU.ActiveCfg = Release|Any CPU
		{568B3EDE-8192-F9EC-B577-B52C34AA594C}.Release|Any CPU.Build.0 = Release|Any CPU
	EndGlobalSection
	GlobalSection(SolutionProperties) = preSolution
		HideSolutionNode = FALSE
	EndGlobalSection
	GlobalSection(NestedProjects) = preSolution
		{91D7ABA1-A22C-7F3E-C1A1-860CD5015ABB} = {B74F3C35-59E8-51DC-66E2-E46BE919468F}
		{9CC301B6-5E14-05CF-DAEC-C26D544C1B12} = {91D7ABA1-A22C-7F3E-C1A1-860CD5015ABB}
		{568B3EDE-8192-F9EC-B577-B52C34AA594C} = {91D7ABA1-A22C-7F3E-C1A1-860CD5015ABB}
	EndGlobalSection
	GlobalSection(ExtensibilityGlobals) = postSolution
		SolutionGuid = {8CD58AF5-67F7-43D5-B22F-87665E81A7E7}
	EndGlobalSection
EndGlobal
